
Microsoft Visual Studio Solution File, Format Version 12.00
# Visual Studio Version 17
VisualStudioVersion = 17.2.32526.322
MinimumVisualStudioVersion = 10.0.40219.1
Project("{FAE04EC0-301F-11D3-BF4B-00C04F79EFBC}") = "Projet de licence l3 Rami", "Projet de licence l3 Rami\Projet de licence l3 Rami.csproj", "{D9532DE0-97A5-4EFF-A65C-8A48100E49B5}"
EndProject
Global
	GlobalSection(SolutionConfigurationPlatforms) = preSolution
		Debug|Any CPU = Debug|Any CPU
		Release|Any CPU = Release|Any CPU
	EndGlobalSection
	GlobalSection(ProjectConfigurationPlatforms) = postSolution
		{D9532DE0-97A5-4EFF-A65C-8A48100E49B5}.Debug|Any CPU.ActiveCfg = Debug|Any CPU
		{D9532DE0-97A5-4EFF-A65C-8A48100E49B5}.Debug|Any CPU.Build.0 = Debug|Any CPU
		{D9532DE0-97A5-4EFF-A65C-8A48100E49B5}.Release|Any CPU.ActiveCfg = Release|Any CPU
		{D9532DE0-97A5-4EFF-A65C-8A48100E49B5}.Release|Any CPU.Build.0 = Release|Any CPU
	EndGlobalSection
	GlobalSection(SolutionProperties) = preSolution
		HideSolutionNode = FALSE
	EndGlobalSection
	GlobalSection(ExtensibilityGlobals) = postSolution
		SolutionGuid = {87CACF79-9A9C-426D-BB37-87FB5F2C04ED}
	EndGlobalSection
EndGlobal
